
Microsoft Visual Studio Solution File, Format Version 12.00
# Visual Studio Version 17
VisualStudioVersion = 17.0.31903.59
MinimumVisualStudioVersion = 10.0.40219.1
Project("{2150E333-8FDC-42A3-9474-1A3956D46DE8}") = "src", "src", "{277BB797-3CA6-495F-B6DD-A0C61AE22937}"
EndProject
Project("{9A19103F-16F7-4668-BE54-9A1E7A4F7556}") = "Contracts", "Contracts\Contracts.csproj", "{1A09D875-6C35-40FF-A802-A813753AD165}"
EndProject
Project("{9A19103F-16F7-4668-BE54-9A1E7A4F7556}") = "IdentityService", "IdentityService\IdentityService.csproj", "{1493D79F-F127-4B3F-8305-3D06B28FF76C}"
EndProject
Project("{9A19103F-16F7-4668-BE54-9A1E7A4F7556}") = "GatewayService", "GatewayService\GatewayService.csproj", "{1FD47893-8849-41B7-A958-7C4F779277FF}"
EndProject
Project("{9A19103F-16F7-4668-BE54-9A1E7A4F7556}") = "AuctionService", "AuctionService\AuctionService.csproj", "{57657BBF-F976-4C37-988B-378FD786FBFA}"
EndProject
Project("{9A19103F-16F7-4668-BE54-9A1E7A4F7556}") = "SearchService", "SearchService\SearchService.csproj", "{814A08C8-C31E-432E-A5F3-0EB7A9104C1F}"
EndProject
Project("{FAE04EC0-301F-11D3-BF4B-00C04F79EFBC}") = "BiddingService", "BiddingService\BiddingService.csproj", "{CEE57426-9FE5-4C12-A329-3F4AB577BF9E}"
EndProject
Global
	GlobalSection(SolutionConfigurationPlatforms) = preSolution
		Debug|Any CPU = Debug|Any CPU
		Release|Any CPU = Release|Any CPU
	EndGlobalSection
	GlobalSection(ProjectConfigurationPlatforms) = postSolution
		{1A09D875-6C35-40FF-A802-A813753AD165}.Debug|Any CPU.ActiveCfg = Debug|Any CPU
		{1A09D875-6C35-40FF-A802-A813753AD165}.Debug|Any CPU.Build.0 = Debug|Any CPU
		{1A09D875-6C35-40FF-A802-A813753AD165}.Release|Any CPU.ActiveCfg = Release|Any CPU
		{1A09D875-6C35-40FF-A802-A813753AD165}.Release|Any CPU.Build.0 = Release|Any CPU
		{1493D79F-F127-4B3F-8305-3D06B28FF76C}.Debug|Any CPU.ActiveCfg = Debug|Any CPU
		{1493D79F-F127-4B3F-8305-3D06B28FF76C}.Debug|Any CPU.Build.0 = Debug|Any CPU
		{1493D79F-F127-4B3F-8305-3D06B28FF76C}.Release|Any CPU.ActiveCfg = Release|Any CPU
		{1493D79F-F127-4B3F-8305-3D06B28FF76C}.Release|Any CPU.Build.0 = Release|Any CPU
		{1FD47893-8849-41B7-A958-7C4F779277FF}.Debug|Any CPU.ActiveCfg = Debug|Any CPU
		{1FD47893-8849-41B7-A958-7C4F779277FF}.Debug|Any CPU.Build.0 = Debug|Any CPU
		{1FD47893-8849-41B7-A958-7C4F779277FF}.Release|Any CPU.ActiveCfg = Release|Any CPU
		{1FD47893-8849-41B7-A958-7C4F779277FF}.Release|Any CPU.Build.0 = Release|Any CPU
		{57657BBF-F976-4C37-988B-378FD786FBFA}.Debug|Any CPU.ActiveCfg = Debug|Any CPU
		{57657BBF-F976-4C37-988B-378FD786FBFA}.Debug|Any CPU.Build.0 = Debug|Any CPU
		{57657BBF-F976-4C37-988B-378FD786FBFA}.Release|Any CPU.ActiveCfg = Release|Any CPU
		{57657BBF-F976-4C37-988B-378FD786FBFA}.Release|Any CPU.Build.0 = Release|Any CPU
		{814A08C8-C31E-432E-A5F3-0EB7A9104C1F}.Debug|Any CPU.ActiveCfg = Debug|Any CPU
		{814A08C8-C31E-432E-A5F3-0EB7A9104C1F}.Debug|Any CPU.Build.0 = Debug|Any CPU
		{814A08C8-C31E-432E-A5F3-0EB7A9104C1F}.Release|Any CPU.ActiveCfg = Release|Any CPU
		{814A08C8-C31E-432E-A5F3-0EB7A9104C1F}.Release|Any CPU.Build.0 = Release|Any CPU
		{CEE57426-9FE5-4C12-A329-3F4AB577BF9E}.Debug|Any CPU.ActiveCfg = Debug|Any CPU
		{CEE57426-9FE5-4C12-A329-3F4AB577BF9E}.Debug|Any CPU.Build.0 = Debug|Any CPU
		{CEE57426-9FE5-4C12-A329-3F4AB577BF9E}.Release|Any CPU.ActiveCfg = Release|Any CPU
		{CEE57426-9FE5-4C12-A329-3F4AB577BF9E}.Release|Any CPU.Build.0 = Release|Any CPU
	EndGlobalSection
	GlobalSection(SolutionProperties) = preSolution
		HideSolutionNode = FALSE
	EndGlobalSection
	GlobalSection(NestedProjects) = preSolution
		{1A09D875-6C35-40FF-A802-A813753AD165} = {277BB797-3CA6-495F-B6DD-A0C61AE22937}
		{1493D79F-F127-4B3F-8305-3D06B28FF76C} = {277BB797-3CA6-495F-B6DD-A0C61AE22937}
		{1FD47893-8849-41B7-A958-7C4F779277FF} = {277BB797-3CA6-495F-B6DD-A0C61AE22937}
		{57657BBF-F976-4C37-988B-378FD786FBFA} = {277BB797-3CA6-495F-B6DD-A0C61AE22937}
		{814A08C8-C31E-432E-A5F3-0EB7A9104C1F} = {277BB797-3CA6-495F-B6DD-A0C61AE22937}
		{CEE57426-9FE5-4C12-A329-3F4AB577BF9E} = {277BB797-3CA6-495F-B6DD-A0C61AE22937}
	EndGlobalSection
	GlobalSection(ExtensibilityGlobals) = postSolution
		SolutionGuid = {0460BEE3-A6C8-46CB-A834-FC7104349D5E}
	EndGlobalSection
EndGlobal
